
Microsoft Visual Studio Solution File, Format Version 12.00
# Visual Studio Version 17
VisualStudioVersion = 17.8.34511.84
MinimumVisualStudioVersion = 10.0.40219.1
Project("{FAE04EC0-301F-11D3-BF4B-00C04F79EFBC}") = "KutrovskiyPKS42", "KutrovskiyPKS42\KutrovskiyPKS42.csproj", "{215070B0-4C93-40DD-8A09-AF7BF8E79D40}"
EndProject
Global
	GlobalSection(SolutionConfigurationPlatforms) = preSolution
		Debug|Any CPU = Debug|Any CPU
		Release|Any CPU = Release|Any CPU
	EndGlobalSection
	GlobalSection(ProjectConfigurationPlatforms) = postSolution
		{215070B0-4C93-40DD-8A09-AF7BF8E79D40}.Debug|Any CPU.ActiveCfg = Debug|Any CPU
		{215070B0-4C93-40DD-8A09-AF7BF8E79D40}.Debug|Any CPU.Build.0 = Debug|Any CPU
		{215070B0-4C93-40DD-8A09-AF7BF8E79D40}.Release|Any CPU.ActiveCfg = Release|Any CPU
		{215070B0-4C93-40DD-8A09-AF7BF8E79D40}.Release|Any CPU.Build.0 = Release|Any CPU
	EndGlobalSection
	GlobalSection(SolutionProperties) = preSolution
		HideSolutionNode = FALSE
	EndGlobalSection
	GlobalSection(ExtensibilityGlobals) = postSolution
		SolutionGuid = {73F8F062-9694-46A9-ABC3-FF1CF8AC4DE7}
	EndGlobalSection
EndGlobal
